
Microsoft Visual Studio Solution File, Format Version 12.00
# Visual Studio Version 16
VisualStudioVersion = 16.0.31005.135
MinimumVisualStudioVersion = 10.0.40219.1
Project("{FAE04EC0-301F-11D3-BF4B-00C04F79EFBC}") = "MessageServer", "MessageServer\MessageServer.csproj", "{0A9D552D-A39A-4D4A-8DD4-7FE53F2E471C}"
EndProject
Global
	GlobalSection(SolutionConfigurationPlatforms) = preSolution
		Debug|Any CPU = Debug|Any CPU
		Release|Any CPU = Release|Any CPU
	EndGlobalSection
	GlobalSection(ProjectConfigurationPlatforms) = postSolution
		{0A9D552D-A39A-4D4A-8DD4-7FE53F2E471C}.Debug|Any CPU.ActiveCfg = Debug|Any CPU
		{0A9D552D-A39A-4D4A-8DD4-7FE53F2E471C}.Debug|Any CPU.Build.0 = Debug|Any CPU
		{0A9D552D-A39A-4D4A-8DD4-7FE53F2E471C}.Release|Any CPU.ActiveCfg = Release|Any CPU
		{0A9D552D-A39A-4D4A-8DD4-7FE53F2E471C}.Release|Any CPU.Build.0 = Release|Any CPU
	EndGlobalSection
	GlobalSection(SolutionProperties) = preSolution
		HideSolutionNode = FALSE
	EndGlobalSection
	GlobalSection(ExtensibilityGlobals) = postSolution
		SolutionGuid = {87EA1839-6A78-4EF1-9420-1E6080719698}
	EndGlobalSection
EndGlobal
